
Microsoft Visual Studio Solution File, Format Version 12.00
Project("{FAE04EC0-301F-11D3-BF4B-00C04F79EFBC}") = "Wealho.WebApi", "Wealho.WebApi\Wealho.WebApi.csproj", "{B6D55162-DD7F-47F0-A701-5539B399DCBB}"
EndProject
Project("{FAE04EC0-301F-11D3-BF4B-00C04F79EFBC}") = "Wealho.WebApp", "Wealho.WebApp\Wealho.WebApp.csproj", "{285B864B-0177-4A12-B009-E94C177C66F5}"
EndProject
Global
	GlobalSection(SolutionConfigurationPlatforms) = preSolution
		Debug|Any CPU = Debug|Any CPU
		Release|Any CPU = Release|Any CPU
	EndGlobalSection
	GlobalSection(ProjectConfigurationPlatforms) = postSolution
		{B6D55162-DD7F-47F0-A701-5539B399DCBB}.Debug|Any CPU.ActiveCfg = Debug|Any CPU
		{B6D55162-DD7F-47F0-A701-5539B399DCBB}.Debug|Any CPU.Build.0 = Debug|Any CPU
		{B6D55162-DD7F-47F0-A701-5539B399DCBB}.Release|Any CPU.ActiveCfg = Release|Any CPU
		{B6D55162-DD7F-47F0-A701-5539B399DCBB}.Release|Any CPU.Build.0 = Release|Any CPU
		{285B864B-0177-4A12-B009-E94C177C66F5}.Debug|Any CPU.ActiveCfg = Debug|Any CPU
		{285B864B-0177-4A12-B009-E94C177C66F5}.Debug|Any CPU.Build.0 = Debug|Any CPU
		{285B864B-0177-4A12-B009-E94C177C66F5}.Release|Any CPU.ActiveCfg = Release|Any CPU
		{285B864B-0177-4A12-B009-E94C177C66F5}.Release|Any CPU.Build.0 = Release|Any CPU
	EndGlobalSection
EndGlobal
